
Microsoft Visual Studio Solution File, Format Version 12.00
# Visual Studio Version 16
VisualStudioVersion = 16.0.29009.5
MinimumVisualStudioVersion = 10.0.40219.1
Project("{FAE04EC0-301F-11D3-BF4B-00C04F79EFBC}") = "WPFUI", "WPFUI\WPFUI.csproj", "{2AF8F2A4-7FD6-4EC9-8969-1C0009AE6CD1}"
EndProject
Project("{FAE04EC0-301F-11D3-BF4B-00C04F79EFBC}") = "IO", "IO\IO.csproj", "{DB24463D-C3D5-4782-9942-C009CE747EDB}"
EndProject
Global
	GlobalSection(SolutionConfigurationPlatforms) = preSolution
		Debug|Any CPU = Debug|Any CPU
		Release|Any CPU = Release|Any CPU
	EndGlobalSection
	GlobalSection(ProjectConfigurationPlatforms) = postSolution
		{2AF8F2A4-7FD6-4EC9-8969-1C0009AE6CD1}.Debug|Any CPU.ActiveCfg = Debug|Any CPU
		{2AF8F2A4-7FD6-4EC9-8969-1C0009AE6CD1}.Debug|Any CPU.Build.0 = Debug|Any CPU
		{2AF8F2A4-7FD6-4EC9-8969-1C0009AE6CD1}.Release|Any CPU.ActiveCfg = Release|Any CPU
		{2AF8F2A4-7FD6-4EC9-8969-1C0009AE6CD1}.Release|Any CPU.Build.0 = Release|Any CPU
		{DB24463D-C3D5-4782-9942-C009CE747EDB}.Debug|Any CPU.ActiveCfg = Debug|Any CPU
		{DB24463D-C3D5-4782-9942-C009CE747EDB}.Debug|Any CPU.Build.0 = Debug|Any CPU
		{DB24463D-C3D5-4782-9942-C009CE747EDB}.Release|Any CPU.ActiveCfg = Release|Any CPU
		{DB24463D-C3D5-4782-9942-C009CE747EDB}.Release|Any CPU.Build.0 = Release|Any CPU
	EndGlobalSection
	GlobalSection(SolutionProperties) = preSolution
		HideSolutionNode = FALSE
	EndGlobalSection
	GlobalSection(ExtensibilityGlobals) = postSolution
		SolutionGuid = {25B551BC-BBA5-4545-BBC4-0235BA6E289B}
	EndGlobalSection
EndGlobal
